
Microsoft Visual Studio Solution File, Format Version 12.00
# Visual Studio 15
VisualStudioVersion = 15.0.27703.2026
MinimumVisualStudioVersion = 10.0.40219.1
Project("{9A19103F-16F7-4668-BE54-9A1E7A4F7556}") = "LearningSystem.Web", "LearningSystem.Web\LearningSystem.Web.csproj", "{DB92E296-30C3-4CD3-864E-3A4009DB2470}"
EndProject
Project("{9A19103F-16F7-4668-BE54-9A1E7A4F7556}") = "LearningSystem.Core", "LearningSystem.Core\LearningSystem.Core.csproj", "{0E95CCF0-5946-495B-A2C0-BDB17479CE29}"
EndProject
Project("{9A19103F-16F7-4668-BE54-9A1E7A4F7556}") = "LearningSystem.Infrastructure", "LearningSystem.Infrastructure\LearningSystem.Infrastructure.csproj", "{2AF98570-8B8C-409F-AF55-2F0634BCE856}"
EndProject
Project("{9A19103F-16F7-4668-BE54-9A1E7A4F7556}") = "LearningSystem.Services", "LearningSystem.Services\LearningSystem.Services.csproj", "{6DE020BF-4A62-4547-90D8-C1573AADA9A7}"
EndProject
Project("{9A19103F-16F7-4668-BE54-9A1E7A4F7556}") = "LearningSystem.Common", "LearningSystem.Common\LearningSystem.Common.csproj", "{18DAD024-E69C-4756-AB86-97C309007AC5}"
EndProject
Project("{FAE04EC0-301F-11D3-BF4B-00C04F79EFBC}") = "LearningSystem.Services.Abstractions", "LearningSystem.Services.Abstractions\LearningSystem.Services.Abstractions.csproj", "{3FE9327C-6273-49BA-9BFC-88969EA35CC5}"
EndProject
Global
	GlobalSection(SolutionConfigurationPlatforms) = preSolution
		Debug|Any CPU = Debug|Any CPU
		Release|Any CPU = Release|Any CPU
	EndGlobalSection
	GlobalSection(ProjectConfigurationPlatforms) = postSolution
		{DB92E296-30C3-4CD3-864E-3A4009DB2470}.Debug|Any CPU.ActiveCfg = Debug|Any CPU
		{DB92E296-30C3-4CD3-864E-3A4009DB2470}.Debug|Any CPU.Build.0 = Debug|Any CPU
		{DB92E296-30C3-4CD3-864E-3A4009DB2470}.Release|Any CPU.ActiveCfg = Release|Any CPU
		{DB92E296-30C3-4CD3-864E-3A4009DB2470}.Release|Any CPU.Build.0 = Release|Any CPU
		{0E95CCF0-5946-495B-A2C0-BDB17479CE29}.Debug|Any CPU.ActiveCfg = Debug|Any CPU
		{0E95CCF0-5946-495B-A2C0-BDB17479CE29}.Debug|Any CPU.Build.0 = Debug|Any CPU
		{0E95CCF0-5946-495B-A2C0-BDB17479CE29}.Release|Any CPU.ActiveCfg = Release|Any CPU
		{0E95CCF0-5946-495B-A2C0-BDB17479CE29}.Release|Any CPU.Build.0 = Release|Any CPU
		{2AF98570-8B8C-409F-AF55-2F0634BCE856}.Debug|Any CPU.ActiveCfg = Debug|Any CPU
		{2AF98570-8B8C-409F-AF55-2F0634BCE856}.Debug|Any CPU.Build.0 = Debug|Any CPU
		{2AF98570-8B8C-409F-AF55-2F0634BCE856}.Release|Any CPU.ActiveCfg = Release|Any CPU
		{2AF98570-8B8C-409F-AF55-2F0634BCE856}.Release|Any CPU.Build.0 = Release|Any CPU
		{6DE020BF-4A62-4547-90D8-C1573AADA9A7}.Debug|Any CPU.ActiveCfg = Debug|Any CPU
		{6DE020BF-4A62-4547-90D8-C1573AADA9A7}.Debug|Any CPU.Build.0 = Debug|Any CPU
		{6DE020BF-4A62-4547-90D8-C1573AADA9A7}.Release|Any CPU.ActiveCfg = Release|Any CPU
		{6DE020BF-4A62-4547-90D8-C1573AADA9A7}.Release|Any CPU.Build.0 = Release|Any CPU
		{18DAD024-E69C-4756-AB86-97C309007AC5}.Debug|Any CPU.ActiveCfg = Debug|Any CPU
		{18DAD024-E69C-4756-AB86-97C309007AC5}.Debug|Any CPU.Build.0 = Debug|Any CPU
		{18DAD024-E69C-4756-AB86-97C309007AC5}.Release|Any CPU.ActiveCfg = Release|Any CPU
		{18DAD024-E69C-4756-AB86-97C309007AC5}.Release|Any CPU.Build.0 = Release|Any CPU
		{3FE9327C-6273-49BA-9BFC-88969EA35CC5}.Debug|Any CPU.ActiveCfg = Debug|Any CPU
		{3FE9327C-6273-49BA-9BFC-88969EA35CC5}.Debug|Any CPU.Build.0 = Debug|Any CPU
		{3FE9327C-6273-49BA-9BFC-88969EA35CC5}.Release|Any CPU.ActiveCfg = Release|Any CPU
		{3FE9327C-6273-49BA-9BFC-88969EA35CC5}.Release|Any CPU.Build.0 = Release|Any CPU
	EndGlobalSection
	GlobalSection(SolutionProperties) = preSolution
		HideSolutionNode = FALSE
	EndGlobalSection
	GlobalSection(ExtensibilityGlobals) = postSolution
		SolutionGuid = {33FBD69B-6FF0-43AC-AB58-56AF4F1B3C8C}
	EndGlobalSection
EndGlobal
